{
  "lockfileVersion": 1,
  "configVersion": 1,
  "workspaces": {
    "": {
      "devDependencies": {
        "daisyui": "^5.0.28",
      },
    },
  },
  "packages": {
    "daisyui": ["daisyui@5.5.19", "", {}, "sha512-pbFAkl1VCEh/MPCeclKL61I/MqRIFFhNU7yiXoDDRapXN4/qNCoMxeCCswyxEEhqL5eiTTfwHvucFtOE71C9sA=="],
  }
}
